
Microsoft Visual Studio Solution File, Format Version 12.00
Project("{FAE04EC0-301F-11D3-BF4B-00C04F79EFBC}") = "WorldEditor", "WorldEditor\WorldEditor.csproj", "{39175166-1CE2-4C11-8E14-43A61FF4EBD0}"
EndProject
Project("{FAE04EC0-301F-11D3-BF4B-00C04F79EFBC}") = "WorldEditorServer", "WorldEditorServer\WorldEditorServer.csproj", "{086F9100-0616-4B63-B27F-01908A046838}"
EndProject
Global
	GlobalSection(SolutionConfigurationPlatforms) = preSolution
		Debug|Any CPU = Debug|Any CPU
		Release|Any CPU = Release|Any CPU
	EndGlobalSection
	GlobalSection(ProjectConfigurationPlatforms) = postSolution
		{39175166-1CE2-4C11-8E14-43A61FF4EBD0}.Debug|Any CPU.ActiveCfg = Debug|Any CPU
		{39175166-1CE2-4C11-8E14-43A61FF4EBD0}.Debug|Any CPU.Build.0 = Debug|Any CPU
		{39175166-1CE2-4C11-8E14-43A61FF4EBD0}.Release|Any CPU.ActiveCfg = Release|Any CPU
		{39175166-1CE2-4C11-8E14-43A61FF4EBD0}.Release|Any CPU.Build.0 = Release|Any CPU
		{086F9100-0616-4B63-B27F-01908A046838}.Debug|Any CPU.ActiveCfg = Debug|Any CPU
		{086F9100-0616-4B63-B27F-01908A046838}.Debug|Any CPU.Build.0 = Debug|Any CPU
		{086F9100-0616-4B63-B27F-01908A046838}.Release|Any CPU.ActiveCfg = Release|Any CPU
		{086F9100-0616-4B63-B27F-01908A046838}.Release|Any CPU.Build.0 = Release|Any CPU
	EndGlobalSection
EndGlobal
